
Microsoft Visual Studio Solution File, Format Version 12.00
# Visual Studio Version 17
VisualStudioVersion = 17.7.34031.279
MinimumVisualStudioVersion = 10.0.40219.1
Project("{FAE04EC0-301F-11D3-BF4B-00C04F79EFBC}") = "Automarket", "Automarket\Automarket.csproj", "{86D08D61-DADB-4828-BB58-2ACC00EDA037}"
	ProjectSection(ProjectDependencies) = postProject
		{C77BE326-F4CC-4747-9A51-3FFF5A38FE82} = {C77BE326-F4CC-4747-9A51-3FFF5A38FE82}
	EndProjectSection
EndProject
Project("{2150E333-8FDC-42A3-9474-1A3956D46DE8}") = "Domain", "Domain", "{4070F180-7D0D-471D-A91E-20487CE3AF99}"
EndProject
Project("{FAE04EC0-301F-11D3-BF4B-00C04F79EFBC}") = "Automarket.Domain", "Automarket.Domain\Automarket.Domain.csproj", "{C77BE326-F4CC-4747-9A51-3FFF5A38FE82}"
EndProject
Global
	GlobalSection(SolutionConfigurationPlatforms) = preSolution
		Debug|Any CPU = Debug|Any CPU
		Release|Any CPU = Release|Any CPU
	EndGlobalSection
	GlobalSection(ProjectConfigurationPlatforms) = postSolution
		{86D08D61-DADB-4828-BB58-2ACC00EDA037}.Debug|Any CPU.ActiveCfg = Debug|Any CPU
		{86D08D61-DADB-4828-BB58-2ACC00EDA037}.Debug|Any CPU.Build.0 = Debug|Any CPU
		{86D08D61-DADB-4828-BB58-2ACC00EDA037}.Release|Any CPU.ActiveCfg = Release|Any CPU
		{86D08D61-DADB-4828-BB58-2ACC00EDA037}.Release|Any CPU.Build.0 = Release|Any CPU
		{C77BE326-F4CC-4747-9A51-3FFF5A38FE82}.Debug|Any CPU.ActiveCfg = Debug|Any CPU
		{C77BE326-F4CC-4747-9A51-3FFF5A38FE82}.Debug|Any CPU.Build.0 = Debug|Any CPU
		{C77BE326-F4CC-4747-9A51-3FFF5A38FE82}.Release|Any CPU.ActiveCfg = Release|Any CPU
		{C77BE326-F4CC-4747-9A51-3FFF5A38FE82}.Release|Any CPU.Build.0 = Release|Any CPU
	EndGlobalSection
	GlobalSection(SolutionProperties) = preSolution
		HideSolutionNode = FALSE
	EndGlobalSection
	GlobalSection(NestedProjects) = preSolution
		{C77BE326-F4CC-4747-9A51-3FFF5A38FE82} = {4070F180-7D0D-471D-A91E-20487CE3AF99}
	EndGlobalSection
	GlobalSection(ExtensibilityGlobals) = postSolution
		SolutionGuid = {A646F133-B6D6-4367-AD6E-15455235CE7C}
	EndGlobalSection
EndGlobal
